
Microsoft Visual Studio Solution File, Format Version 12.00
# Visual Studio Version 17
VisualStudioVersion = 17.14.36518.9
MinimumVisualStudioVersion = 10.0.40219.1
Project("{8BC9CEB8-8B4A-11D0-8D11-00A0C91BC942}") = "DSA", "DSA\DSA.vcxproj", "{EDDBB21F-A85D-40CF-A489-DA27E5FF2294}"
EndProject
Project("{8BC9CEB8-8B4A-11D0-8D11-00A0C91BC942}") = "DSA1", "DSA1\DSA1.vcxproj", "{E889CED6-A7BB-4DB4-A7EF-0EEBC8BAFAF2}"
EndProject
Project("{8BC9CEB8-8B4A-11D0-8D11-00A0C91BC942}") = "DSA2", "DSA2\DSA2.vcxproj", "{7A580AAD-2694-4083-97AB-18755CCEBA90}"
EndProject
Project("{8BC9CEB8-8B4A-11D0-8D11-00A0C91BC942}") = "DSA3", "DSA3\DSA3.vcxproj", "{D6E2114F-B1DB-4628-98DC-DE189183E178}"
EndProject
Project("{8BC9CEB8-8B4A-11D0-8D11-00A0C91BC942}") = "DSA4", "DSA4\DSA4.vcxproj", "{3E7D6C9F-7F7E-4C83-803B-7CDE6C47AABD}"
EndProject
Project("{8BC9CEB8-8B4A-11D0-8D11-00A0C91BC942}") = "DSA5", "DSA5\DSA5.vcxproj", "{3104A99F-0050-4C45-A5BF-7A051017D8E4}"
EndProject
Project("{8BC9CEB8-8B4A-11D0-8D11-00A0C91BC942}") = "DSA6", "DSA6\DSA6.vcxproj", "{855741F4-9EC1-4D6A-A383-371D93F97639}"
EndProject
Project("{8BC9CEB8-8B4A-11D0-8D11-00A0C91BC942}") = "DSA7", "DSA7\DSA7.vcxproj", "{F59F1B2A-3D9C-4B5E-B7CC-F5BFFC2675D9}"
EndProject
Project("{8BC9CEB8-8B4A-11D0-8D11-00A0C91BC942}") = "DSA8", "DSA8\DSA8.vcxproj", "{8AA1A69D-6CA0-4458-9766-82224CC5789C}"
EndProject
Project("{8BC9CEB8-8B4A-11D0-8D11-00A0C91BC942}") = "DSA_Testing", "DSA_Testing\DSA_Testing.vcxproj", "{618FD2F8-9116-4C43-9E10-91C1B6767FA3}"
EndProject
Project("{8BC9CEB8-8B4A-11D0-8D11-00A0C91BC942}") = "DSA9", "DSA9\DSA9.vcxproj", "{4D6F3DBB-A93C-4FBE-91EE-F1DE2044F647}"
EndProject
Project("{8BC9CEB8-8B4A-11D0-8D11-00A0C91BC942}") = "DSA10", "DSA10\DSA10.vcxproj", "{37AE69A5-84E0-47E1-8567-1CF1B7F8B802}"
EndProject
Project("{8BC9CEB8-8B4A-11D0-8D11-00A0C91BC942}") = "DSA11", "DSA11\DSA11.vcxproj", "{BB8B0240-EBFE-4DA3-9E0E-B72ABD4F6FAF}"
EndProject
Project("{8BC9CEB8-8B4A-11D0-8D11-00A0C91BC942}") = "DSA12", "DSA12\DSA12.vcxproj", "{019B0E23-6CEC-457D-9353-016E8A591514}"
EndProject
Project("{8BC9CEB8-8B4A-11D0-8D11-00A0C91BC942}") = "DSA13", "DSA13\DSA13.vcxproj", "{0757A811-DBD8-48D6-970D-AF49712E1B1F}"
EndProject
Global
	GlobalSection(SolutionConfigurationPlatforms) = preSolution
		Debug|x64 = Debug|x64
		Debug|x86 = Debug|x86
		Release|x64 = Release|x64
		Release|x86 = Release|x86
	EndGlobalSection
	GlobalSection(ProjectConfigurationPlatforms) = postSolution
		{EDDBB21F-A85D-40CF-A489-DA27E5FF2294}.Debug|x64.ActiveCfg = Debug|x64
		{EDDBB21F-A85D-40CF-A489-DA27E5FF2294}.Debug|x64.Build.0 = Debug|x64
		{EDDBB21F-A85D-40CF-A489-DA27E5FF2294}.Debug|x86.ActiveCfg = Debug|Win32
		{EDDBB21F-A85D-40CF-A489-DA27E5FF2294}.Debug|x86.Build.0 = Debug|Win32
		{EDDBB21F-A85D-40CF-A489-DA27E5FF2294}.Release|x64.ActiveCfg = Release|x64
		{EDDBB21F-A85D-40CF-A489-DA27E5FF2294}.Release|x64.Build.0 = Release|x64
		{EDDBB21F-A85D-40CF-A489-DA27E5FF2294}.Release|x86.ActiveCfg = Release|Win32
		{EDDBB21F-A85D-40CF-A489-DA27E5FF2294}.Release|x86.Build.0 = Release|Win32
		{E889CED6-A7BB-4DB4-A7EF-0EEBC8BAFAF2}.Debug|x64.ActiveCfg = Debug|x64
		{E889CED6-A7BB-4DB4-A7EF-0EEBC8BAFAF2}.Debug|x64.Build.0 = Debug|x64
		{E889CED6-A7BB-4DB4-A7EF-0EEBC8BAFAF2}.Debug|x86.ActiveCfg = Debug|Win32
		{E889CED6-A7BB-4DB4-A7EF-0EEBC8BAFAF2}.Debug|x86.Build.0 = Debug|Win32
		{E889CED6-A7BB-4DB4-A7EF-0EEBC8BAFAF2}.Release|x64.ActiveCfg = Release|x64
		{E889CED6-A7BB-4DB4-A7EF-0EEBC8BAFAF2}.Release|x64.Build.0 = Release|x64
		{E889CED6-A7BB-4DB4-A7EF-0EEBC8BAFAF2}.Release|x86.ActiveCfg = Release|Win32
		{E889CED6-A7BB-4DB4-A7EF-0EEBC8BAFAF2}.Release|x86.Build.0 = Release|Win32
		{7A580AAD-2694-4083-97AB-18755CCEBA90}.Debug|x64.ActiveCfg = Debug|x64
		{7A580AAD-2694-4083-97AB-18755CCEBA90}.Debug|x64.Build.0 = Debug|x64
		{7A580AAD-2694-4083-97AB-18755CCEBA90}.Debug|x86.ActiveCfg = Debug|Win32
		{7A580AAD-2694-4083-97AB-18755CCEBA90}.Debug|x86.Build.0 = Debug|Win32
		{7A580AAD-2694-4083-97AB-18755CCEBA90}.Release|x64.ActiveCfg = Release|x64
		{7A580AAD-2694-4083-97AB-18755CCEBA90}.Release|x64.Build.0 = Release|x64
		{7A580AAD-2694-4083-97AB-18755CCEBA90}.Release|x86.ActiveCfg = Release|Win32
		{7A580AAD-2694-4083-97AB-18755CCEBA90}.Release|x86.Build.0 = Release|Win32
		{D6E2114F-B1DB-4628-98DC-DE189183E178}.Debug|x64.ActiveCfg = Debug|x64
		{D6E2114F-B1DB-4628-98DC-DE189183E178}.Debug|x64.Build.0 = Debug|x64
		{D6E2114F-B1DB-4628-98DC-DE189183E178}.Debug|x86.ActiveCfg = Debug|Win32
		{D6E2114F-B1DB-4628-98DC-DE189183E178}.Debug|x86.Build.0 = Debug|Win32
		{D6E2114F-B1DB-4628-98DC-DE189183E178}.Release|x64.ActiveCfg = Release|x64
		{D6E2114F-B1DB-4628-98DC-DE189183E178}.Release|x64.Build.0 = Release|x64
		{D6E2114F-B1DB-4628-98DC-DE189183E178}.Release|x86.ActiveCfg = Release|Win32
		{D6E2114F-B1DB-4628-98DC-DE189183E178}.Release|x86.Build.0 = Release|Win32
		{3E7D6C9F-7F7E-4C83-803B-7CDE6C47AABD}.Debug|x64.ActiveCfg = Debug|x64
		{3E7D6C9F-7F7E-4C83-803B-7CDE6C47AABD}.Debug|x64.Build.0 = Debug|x64
		{3E7D6C9F-7F7E-4C83-803B-7CDE6C47AABD}.Debug|x86.ActiveCfg = Debug|Win32
		{3E7D6C9F-7F7E-4C83-803B-7CDE6C47AABD}.Debug|x86.Build.0 = Debug|Win32
		{3E7D6C9F-7F7E-4C83-803B-7CDE6C47AABD}.Release|x64.ActiveCfg = Release|x64
		{3E7D6C9F-7F7E-4C83-803B-7CDE6C47AABD}.Release|x64.Build.0 = Release|x64
		{3E7D6C9F-7F7E-4C83-803B-7CDE6C47AABD}.Release|x86.ActiveCfg = Release|Win32
		{3E7D6C9F-7F7E-4C83-803B-7CDE6C47AABD}.Release|x86.Build.0 = Release|Win32
		{3104A99F-0050-4C45-A5BF-7A051017D8E4}.Debug|x64.ActiveCfg = Debug|x64
		{3104A99F-0050-4C45-A5BF-7A051017D8E4}.Debug|x64.Build.0 = Debug|x64
		{3104A99F-0050-4C45-A5BF-7A051017D8E4}.Debug|x86.ActiveCfg = Debug|Win32
		{3104A99F-0050-4C45-A5BF-7A051017D8E4}.Debug|x86.Build.0 = Debug|Win32
		{3104A99F-0050-4C45-A5BF-7A051017D8E4}.Release|x64.ActiveCfg = Release|x64
		{3104A99F-0050-4C45-A5BF-7A051017D8E4}.Release|x64.Build.0 = Release|x64
		{3104A99F-0050-4C45-A5BF-7A051017D8E4}.Release|x86.ActiveCfg = Release|Win32
		{3104A99F-0050-4C45-A5BF-7A051017D8E4}.Release|x86.Build.0 = Release|Win32
		{855741F4-9EC1-4D6A-A383-371D93F97639}.Debug|x64.ActiveCfg = Debug|x64
		{855741F4-9EC1-4D6A-A383-371D93F97639}.Debug|x64.Build.0 = Debug|x64
		{855741F4-9EC1-4D6A-A383-371D93F97639}.Debug|x86.ActiveCfg = Debug|Win32
		{855741F4-9EC1-4D6A-A383-371D93F97639}.Debug|x86.Build.0 = Debug|Win32
		{855741F4-9EC1-4D6A-A383-371D93F97639}.Release|x64.ActiveCfg = Release|x64
		{855741F4-9EC1-4D6A-A383-371D93F97639}.Release|x64.Build.0 = Release|x64
		{855741F4-9EC1-4D6A-A383-371D93F97639}.Release|x86.ActiveCfg = Release|Win32
		{855741F4-9EC1-4D6A-A383-371D93F97639}.Release|x86.Build.0 = Release|Win32
		{F59F1B2A-3D9C-4B5E-B7CC-F5BFFC2675D9}.Debug|x64.ActiveCfg = Debug|x64
		{F59F1B2A-3D9C-4B5E-B7CC-F5BFFC2675D9}.Debug|x64.Build.0 = Debug|x64
		{F59F1B2A-3D9C-4B5E-B7CC-F5BFFC2675D9}.Debug|x86.ActiveCfg = Debug|Win32
		{F59F1B2A-3D9C-4B5E-B7CC-F5BFFC2675D9}.Debug|x86.Build.0 = Debug|Win32
		{F59F1B2A-3D9C-4B5E-B7CC-F5BFFC2675D9}.Release|x64.ActiveCfg = Release|x64
		{F59F1B2A-3D9C-4B5E-B7CC-F5BFFC2675D9}.Release|x64.Build.0 = Release|x64
		{F59F1B2A-3D9C-4B5E-B7CC-F5BFFC2675D9}.Release|x86.ActiveCfg = Release|Win32
		{F59F1B2A-3D9C-4B5E-B7CC-F5BFFC2675D9}.Release|x86.Build.0 = Release|Win32
		{8AA1A69D-6CA0-4458-9766-82224CC5789C}.Debug|x64.ActiveCfg = Debug|x64
		{8AA1A69D-6CA0-4458-9766-82224CC5789C}.Debug|x64.Build.0 = Debug|x64
		{8AA1A69D-6CA0-4458-9766-82224CC5789C}.Debug|x86.ActiveCfg = Debug|Win32
		{8AA1A69D-6CA0-4458-9766-82224CC5789C}.Debug|x86.Build.0 = Debug|Win32
		{8AA1A69D-6CA0-4458-9766-82224CC5789C}.Release|x64.ActiveCfg = Release|x64
		{8AA1A69D-6CA0-4458-9766-82224CC5789C}.Release|x64.Build.0 = Release|x64
		{8AA1A69D-6CA0-4458-9766-82224CC5789C}.Release|x86.ActiveCfg = Release|Win32
		{8AA1A69D-6CA0-4458-9766-82224CC5789C}.Release|x86.Build.0 = Release|Win32
		{618FD2F8-9116-4C43-9E10-91C1B6767FA3}.Debug|x64.ActiveCfg = Debug|x64
		{618FD2F8-9116-4C43-9E10-91C1B6767FA3}.Debug|x64.Build.0 = Debug|x64
		{618FD2F8-9116-4C43-9E10-91C1B6767FA3}.Debug|x86.ActiveCfg = Debug|Win32
		{618FD2F8-9116-4C43-9E10-91C1B6767FA3}.Debug|x86.Build.0 = Debug|Win32
		{618FD2F8-9116-4C43-9E10-91C1B6767FA3}.Release|x64.ActiveCfg = Release|x64
		{618FD2F8-9116-4C43-9E10-91C1B6767FA3}.Release|x64.Build.0 = Release|x64
		{618FD2F8-9116-4C43-9E10-91C1B6767FA3}.Release|x86.ActiveCfg = Release|Win32
		{618FD2F8-9116-4C43-9E10-91C1B6767FA3}.Release|x86.Build.0 = Release|Win32
		{4D6F3DBB-A93C-4FBE-91EE-F1DE2044F647}.Debug|x64.ActiveCfg = Debug|x64
		{4D6F3DBB-A93C-4FBE-91EE-F1DE2044F647}.Debug|x64.Build.0 = Debug|x64
		{4D6F3DBB-A93C-4FBE-91EE-F1DE2044F647}.Debug|x86.ActiveCfg = Debug|Win32
		{4D6F3DBB-A93C-4FBE-91EE-F1DE2044F647}.Debug|x86.Build.0 = Debug|Win32
		{4D6F3DBB-A93C-4FBE-91EE-F1DE2044F647}.Release|x64.ActiveCfg = Release|x64
		{4D6F3DBB-A93C-4FBE-91EE-F1DE2044F647}.Release|x64.Build.0 = Release|x64
		{4D6F3DBB-A93C-4FBE-91EE-F1DE2044F647}.Release|x86.ActiveCfg = Release|Win32
		{4D6F3DBB-A93C-4FBE-91EE-F1DE2044F647}.Release|x86.Build.0 = Release|Win32
		{37AE69A5-84E0-47E1-8567-1CF1B7F8B802}.Debug|x64.ActiveCfg = Debug|x64
		{37AE69A5-84E0-47E1-8567-1CF1B7F8B802}.Debug|x64.Build.0 = Debug|x64
		{37AE69A5-84E0-47E1-8567-1CF1B7F8B802}.Debug|x86.ActiveCfg = Debug|Win32
		{37AE69A5-84E0-47E1-8567-1CF1B7F8B802}.Debug|x86.Build.0 = Debug|Win32
		{37AE69A5-84E0-47E1-8567-1CF1B7F8B802}.Release|x64.ActiveCfg = Release|x64
		{37AE69A5-84E0-47E1-8567-1CF1B7F8B802}.Release|x64.Build.0 = Release|x64
		{37AE69A5-84E0-47E1-8567-1CF1B7F8B802}.Release|x86.ActiveCfg = Release|Win32
		{37AE69A5-84E0-47E1-8567-1CF1B7F8B802}.Release|x86.Build.0 = Release|Win32
		{BB8B0240-EBFE-4DA3-9E0E-B72ABD4F6FAF}.Debug|x64.ActiveCfg = Debug|x64
		{BB8B0240-EBFE-4DA3-9E0E-B72ABD4F6FAF}.Debug|x64.Build.0 = Debug|x64
		{BB8B0240-EBFE-4DA3-9E0E-B72ABD4F6FAF}.Debug|x86.ActiveCfg = Debug|Win32
		{BB8B0240-EBFE-4DA3-9E0E-B72ABD4F6FAF}.Debug|x86.Build.0 = Debug|Win32
		{BB8B0240-EBFE-4DA3-9E0E-B72ABD4F6FAF}.Release|x64.ActiveCfg = Release|x64
		{BB8B0240-EBFE-4DA3-9E0E-B72ABD4F6FAF}.Release|x64.Build.0 = Release|x64
		{BB8B0240-EBFE-4DA3-9E0E-B72ABD4F6FAF}.Release|x86.ActiveCfg = Release|Win32
		{BB8B0240-EBFE-4DA3-9E0E-B72ABD4F6FAF}.Release|x86.Build.0 = Release|Win32
		{019B0E23-6CEC-457D-9353-016E8A591514}.Debug|x64.ActiveCfg = Debug|x64
		{019B0E23-6CEC-457D-9353-016E8A591514}.Debug|x64.Build.0 = Debug|x64
		{019B0E23-6CEC-457D-9353-016E8A591514}.Debug|x86.ActiveCfg = Debug|Win32
		{019B0E23-6CEC-457D-9353-016E8A591514}.Debug|x86.Build.0 = Debug|Win32
		{019B0E23-6CEC-457D-9353-016E8A591514}.Release|x64.ActiveCfg = Release|x64
		{019B0E23-6CEC-457D-9353-016E8A591514}.Release|x64.Build.0 = Release|x64
		{019B0E23-6CEC-457D-9353-016E8A591514}.Release|x86.ActiveCfg = Release|Win32
		{019B0E23-6CEC-457D-9353-016E8A591514}.Release|x86.Build.0 = Release|Win32
		{0757A811-DBD8-48D6-970D-AF49712E1B1F}.Debug|x64.ActiveCfg = Debug|x64
		{0757A811-DBD8-48D6-970D-AF49712E1B1F}.Debug|x64.Build.0 = Debug|x64
		{0757A811-DBD8-48D6-970D-AF49712E1B1F}.Debug|x86.ActiveCfg = Debug|Win32
		{0757A811-DBD8-48D6-970D-AF49712E1B1F}.Debug|x86.Build.0 = Debug|Win32
		{0757A811-DBD8-48D6-970D-AF49712E1B1F}.Release|x64.ActiveCfg = Release|x64
		{0757A811-DBD8-48D6-970D-AF49712E1B1F}.Release|x64.Build.0 = Release|x64
		{0757A811-DBD8-48D6-970D-AF49712E1B1F}.Release|x86.ActiveCfg = Release|Win32
		{0757A811-DBD8-48D6-970D-AF49712E1B1F}.Release|x86.Build.0 = Release|Win32
	EndGlobalSection
	GlobalSection(SolutionProperties) = preSolution
		HideSolutionNode = FALSE
	EndGlobalSection
	GlobalSection(ExtensibilityGlobals) = postSolution
		SolutionGuid = {038DEAD2-F6C0-4280-BCF0-44E2EC5C1526}
	EndGlobalSection
EndGlobal
